
Microsoft Visual Studio Solution File, Format Version 12.00
# Visual Studio Version 16
VisualStudioVersion = 16.0.30413.136
MinimumVisualStudioVersion = 10.0.40219.1
Project("{FAE04EC0-301F-11D3-BF4B-00C04F79EFBC}") = "StringInter", "StringInter\StringInter.csproj", "{97100318-EC9A-4DAB-8036-07DA8C0DF24A}"
EndProject
Project("{FAE04EC0-301F-11D3-BF4B-00C04F79EFBC}") = "Task1", "Task1\Task1.csproj", "{28C62A2C-8D75-4BC1-8E04-6F713A533766}"
EndProject
Global
	GlobalSection(SolutionConfigurationPlatforms) = preSolution
		Debug|Any CPU = Debug|Any CPU
		Release|Any CPU = Release|Any CPU
	EndGlobalSection
	GlobalSection(ProjectConfigurationPlatforms) = postSolution
		{97100318-EC9A-4DAB-8036-07DA8C0DF24A}.Debug|Any CPU.ActiveCfg = Debug|Any CPU
		{97100318-EC9A-4DAB-8036-07DA8C0DF24A}.Debug|Any CPU.Build.0 = Debug|Any CPU
		{97100318-EC9A-4DAB-8036-07DA8C0DF24A}.Release|Any CPU.ActiveCfg = Release|Any CPU
		{97100318-EC9A-4DAB-8036-07DA8C0DF24A}.Release|Any CPU.Build.0 = Release|Any CPU
		{28C62A2C-8D75-4BC1-8E04-6F713A533766}.Debug|Any CPU.ActiveCfg = Debug|Any CPU
		{28C62A2C-8D75-4BC1-8E04-6F713A533766}.Debug|Any CPU.Build.0 = Debug|Any CPU
		{28C62A2C-8D75-4BC1-8E04-6F713A533766}.Release|Any CPU.ActiveCfg = Release|Any CPU
		{28C62A2C-8D75-4BC1-8E04-6F713A533766}.Release|Any CPU.Build.0 = Release|Any CPU
	EndGlobalSection
	GlobalSection(SolutionProperties) = preSolution
		HideSolutionNode = FALSE
	EndGlobalSection
	GlobalSection(ExtensibilityGlobals) = postSolution
		SolutionGuid = {AC26CBD6-696A-4624-89B3-50ECBC5F8FFF}
	EndGlobalSection
EndGlobal
